
Microsoft Visual Studio Solution File, Format Version 12.00
# Visual Studio 14
VisualStudioVersion = 14.0.24720.0
MinimumVisualStudioVersion = 10.0.40219.1
Project("{FAE04EC0-301F-11D3-BF4B-00C04F79EFBC}") = "Dora.WeddingPlanner.Core", "Dora.WeddingPlanner.Core\Dora.WeddingPlanner.Core.csproj", "{D6CC927D-B2AB-4686-BE11-05B0B137EEEA}"
EndProject
Project("{FAE04EC0-301F-11D3-BF4B-00C04F79EFBC}") = "Dora.WeddingPlanner.TestingPlayground", "Dora.WeddingPlanner.TestingPlayground\Dora.WeddingPlanner.TestingPlayground.csproj", "{D7D36031-EC78-491F-90D0-F6AC926B4638}"
EndProject
Project("{FAE04EC0-301F-11D3-BF4B-00C04F79EFBC}") = "Dora.WeddingPlanner.Model", "Dora.WeddingPlanner.Model\Dora.WeddingPlanner.Model.csproj", "{B69B1933-553D-4D55-B69B-560BE88F08FA}"
EndProject
Project("{FAE04EC0-301F-11D3-BF4B-00C04F79EFBC}") = "Dora.WeddingPlanner.UserInteraction", "Dora.WeddingPlanner.UserInteraction\Dora.WeddingPlanner.UserInteraction.csproj", "{58A3AA54-A317-4939-9E33-8C04CE866893}"
EndProject
Project("{FAE04EC0-301F-11D3-BF4B-00C04F79EFBC}") = "Dora.WeddingPlanner.Data", "Dora.WeddingPlanner.Data\Dora.WeddingPlanner.Data.csproj", "{F77BBDF2-E50E-4823-9B51-8A3437239D8B}"
EndProject
Project("{2150E333-8FDC-42A3-9474-1A3956D46DE8}") = "Web", "Web", "{77670FCD-B107-4CE5-9969-DFEB821E94EB}"
EndProject
Project("{FAE04EC0-301F-11D3-BF4B-00C04F79EFBC}") = "Dora.WeddingPlanner.Web.Api", "Dora.WeddingPlanner.Web.Api\Dora.WeddingPlanner.Web.Api.csproj", "{6793F0C9-DF5D-40D3-B843-CD01F4502207}"
EndProject
Project("{FAE04EC0-301F-11D3-BF4B-00C04F79EFBC}") = "Dora.WeddingPlanner.Web.Host", "Dora.WeddingPlanner.Web.Host\Dora.WeddingPlanner.Web.Host.csproj", "{A99958AE-3FC9-4813-B647-F9EA5FED255B}"
EndProject
Project("{FAE04EC0-301F-11D3-BF4B-00C04F79EFBC}") = "Dora.WeddingPlanner.Web.Server", "Dora.WeddingPlanner.Web.Server\Dora.WeddingPlanner.Web.Server.csproj", "{C2992FB8-314F-4A61-91B3-AC5C3B216453}"
EndProject
Project("{E24C65DC-7377-472B-9ABA-BC803B73C61A}") = "Dora.WeddingPlanner.Web.UI", "Dora.WeddingPlanner.Web.UI\", "{52266CF6-9C84-4A0E-A768-D828B16A78E4}"
	ProjectSection(WebsiteProperties) = preProject
		TargetFrameworkMoniker = ".NETFramework,Version%3Dv4.6.1"
		Debug.AspNetCompiler.VirtualPath = "/WebUi"
		Debug.AspNetCompiler.PhysicalPath = "Dora.WeddingPlanner.Web.UI\"
		Debug.AspNetCompiler.TargetPath = "bin\WebUi\"
		Debug.AspNetCompiler.Updateable = "true"
		Debug.AspNetCompiler.ForceOverwrite = "true"
		Debug.AspNetCompiler.FixedNames = "false"
		Debug.AspNetCompiler.Debug = "True"
		Release.AspNetCompiler.VirtualPath = "/WebUi"
		Release.AspNetCompiler.PhysicalPath = "Dora.WeddingPlanner.Web.UI\"
		Release.AspNetCompiler.TargetPath = "bin\WebUi\"
		Release.AspNetCompiler.Updateable = "true"
		Release.AspNetCompiler.ForceOverwrite = "true"
		Release.AspNetCompiler.FixedNames = "false"
		Release.AspNetCompiler.Debug = "False"
		VWDPort = "4001"
		SlnRelativePath = "Dora.WeddingPlanner.Web.UI\"
	EndProjectSection
EndProject
Project("{FAE04EC0-301F-11D3-BF4B-00C04F79EFBC}") = "Dora.WeddingPlanner.Data.Repository.NDatabase", "Dora.WeddingPlanner.Data.Repository.NDatabase\Dora.WeddingPlanner.Data.Repository.NDatabase.csproj", "{7CB68866-F715-44ED-AAF1-DFF47730832A}"
EndProject
Project("{FAE04EC0-301F-11D3-BF4B-00C04F79EFBC}") = "Dora.WeddingPlanner.Data.Persistence.FileSystem", "Dora.WeddingPlanner.Data.Persistence.FileSystem\Dora.WeddingPlanner.Data.Persistence.FileSystem.csproj", "{1A9163F2-7D2B-43D4-88B3-3EFAC9F737E7}"
EndProject
Global
	GlobalSection(SolutionConfigurationPlatforms) = preSolution
		Debug|Any CPU = Debug|Any CPU
		Release|Any CPU = Release|Any CPU
	EndGlobalSection
	GlobalSection(ProjectConfigurationPlatforms) = postSolution
		{D6CC927D-B2AB-4686-BE11-05B0B137EEEA}.Debug|Any CPU.ActiveCfg = Debug|Any CPU
		{D6CC927D-B2AB-4686-BE11-05B0B137EEEA}.Debug|Any CPU.Build.0 = Debug|Any CPU
		{D6CC927D-B2AB-4686-BE11-05B0B137EEEA}.Release|Any CPU.ActiveCfg = Release|Any CPU
		{D6CC927D-B2AB-4686-BE11-05B0B137EEEA}.Release|Any CPU.Build.0 = Release|Any CPU
		{D7D36031-EC78-491F-90D0-F6AC926B4638}.Debug|Any CPU.ActiveCfg = Debug|Any CPU
		{D7D36031-EC78-491F-90D0-F6AC926B4638}.Debug|Any CPU.Build.0 = Debug|Any CPU
		{D7D36031-EC78-491F-90D0-F6AC926B4638}.Release|Any CPU.ActiveCfg = Release|Any CPU
		{D7D36031-EC78-491F-90D0-F6AC926B4638}.Release|Any CPU.Build.0 = Release|Any CPU
		{B69B1933-553D-4D55-B69B-560BE88F08FA}.Debug|Any CPU.ActiveCfg = Debug|Any CPU
		{B69B1933-553D-4D55-B69B-560BE88F08FA}.Debug|Any CPU.Build.0 = Debug|Any CPU
		{B69B1933-553D-4D55-B69B-560BE88F08FA}.Release|Any CPU.ActiveCfg = Release|Any CPU
		{B69B1933-553D-4D55-B69B-560BE88F08FA}.Release|Any CPU.Build.0 = Release|Any CPU
		{58A3AA54-A317-4939-9E33-8C04CE866893}.Debug|Any CPU.ActiveCfg = Debug|Any CPU
		{58A3AA54-A317-4939-9E33-8C04CE866893}.Debug|Any CPU.Build.0 = Debug|Any CPU
		{58A3AA54-A317-4939-9E33-8C04CE866893}.Release|Any CPU.ActiveCfg = Release|Any CPU
		{58A3AA54-A317-4939-9E33-8C04CE866893}.Release|Any CPU.Build.0 = Release|Any CPU
		{F77BBDF2-E50E-4823-9B51-8A3437239D8B}.Debug|Any CPU.ActiveCfg = Debug|Any CPU
		{F77BBDF2-E50E-4823-9B51-8A3437239D8B}.Debug|Any CPU.Build.0 = Debug|Any CPU
		{F77BBDF2-E50E-4823-9B51-8A3437239D8B}.Release|Any CPU.ActiveCfg = Release|Any CPU
		{F77BBDF2-E50E-4823-9B51-8A3437239D8B}.Release|Any CPU.Build.0 = Release|Any CPU
		{6793F0C9-DF5D-40D3-B843-CD01F4502207}.Debug|Any CPU.ActiveCfg = Debug|Any CPU
		{6793F0C9-DF5D-40D3-B843-CD01F4502207}.Debug|Any CPU.Build.0 = Debug|Any CPU
		{6793F0C9-DF5D-40D3-B843-CD01F4502207}.Release|Any CPU.ActiveCfg = Release|Any CPU
		{6793F0C9-DF5D-40D3-B843-CD01F4502207}.Release|Any CPU.Build.0 = Release|Any CPU
		{A99958AE-3FC9-4813-B647-F9EA5FED255B}.Debug|Any CPU.ActiveCfg = Debug|Any CPU
		{A99958AE-3FC9-4813-B647-F9EA5FED255B}.Debug|Any CPU.Build.0 = Debug|Any CPU
		{A99958AE-3FC9-4813-B647-F9EA5FED255B}.Release|Any CPU.ActiveCfg = Release|Any CPU
		{A99958AE-3FC9-4813-B647-F9EA5FED255B}.Release|Any CPU.Build.0 = Release|Any CPU
		{C2992FB8-314F-4A61-91B3-AC5C3B216453}.Debug|Any CPU.ActiveCfg = Debug|Any CPU
		{C2992FB8-314F-4A61-91B3-AC5C3B216453}.Debug|Any CPU.Build.0 = Debug|Any CPU
		{C2992FB8-314F-4A61-91B3-AC5C3B216453}.Release|Any CPU.ActiveCfg = Release|Any CPU
		{C2992FB8-314F-4A61-91B3-AC5C3B216453}.Release|Any CPU.Build.0 = Release|Any CPU
		{52266CF6-9C84-4A0E-A768-D828B16A78E4}.Debug|Any CPU.ActiveCfg = Debug|Any CPU
		{52266CF6-9C84-4A0E-A768-D828B16A78E4}.Debug|Any CPU.Build.0 = Debug|Any CPU
		{52266CF6-9C84-4A0E-A768-D828B16A78E4}.Release|Any CPU.ActiveCfg = Debug|Any CPU
		{52266CF6-9C84-4A0E-A768-D828B16A78E4}.Release|Any CPU.Build.0 = Debug|Any CPU
		{7CB68866-F715-44ED-AAF1-DFF47730832A}.Debug|Any CPU.ActiveCfg = Debug|Any CPU
		{7CB68866-F715-44ED-AAF1-DFF47730832A}.Debug|Any CPU.Build.0 = Debug|Any CPU
		{7CB68866-F715-44ED-AAF1-DFF47730832A}.Release|Any CPU.ActiveCfg = Release|Any CPU
		{7CB68866-F715-44ED-AAF1-DFF47730832A}.Release|Any CPU.Build.0 = Release|Any CPU
		{1A9163F2-7D2B-43D4-88B3-3EFAC9F737E7}.Debug|Any CPU.ActiveCfg = Debug|Any CPU
		{1A9163F2-7D2B-43D4-88B3-3EFAC9F737E7}.Debug|Any CPU.Build.0 = Debug|Any CPU
		{1A9163F2-7D2B-43D4-88B3-3EFAC9F737E7}.Release|Any CPU.ActiveCfg = Release|Any CPU
		{1A9163F2-7D2B-43D4-88B3-3EFAC9F737E7}.Release|Any CPU.Build.0 = Release|Any CPU
	EndGlobalSection
	GlobalSection(SolutionProperties) = preSolution
		HideSolutionNode = FALSE
	EndGlobalSection
	GlobalSection(NestedProjects) = preSolution
		{6793F0C9-DF5D-40D3-B843-CD01F4502207} = {77670FCD-B107-4CE5-9969-DFEB821E94EB}
		{A99958AE-3FC9-4813-B647-F9EA5FED255B} = {77670FCD-B107-4CE5-9969-DFEB821E94EB}
		{C2992FB8-314F-4A61-91B3-AC5C3B216453} = {77670FCD-B107-4CE5-9969-DFEB821E94EB}
		{52266CF6-9C84-4A0E-A768-D828B16A78E4} = {77670FCD-B107-4CE5-9969-DFEB821E94EB}
	EndGlobalSection
EndGlobal
