
Microsoft Visual Studio Solution File, Format Version 12.00
# Visual Studio 14
VisualStudioVersion = 14.0.24720.0
MinimumVisualStudioVersion = 10.0.40219.1
Project("{FAE04EC0-301F-11D3-BF4B-00C04F79EFBC}") = "Dora.WeddingPlanner.Core", "Dora.WeddingPlanner.Core\Dora.WeddingPlanner.Core.csproj", "{D6CC927D-B2AB-4686-BE11-05B0B137EEEA}"
EndProject
Project("{FAE04EC0-301F-11D3-BF4B-00C04F79EFBC}") = "Dora.WeddingPlanner.TestingPlayground", "Dora.WeddingPlanner.TestingPlayground\Dora.WeddingPlanner.TestingPlayground.csproj", "{D7D36031-EC78-491F-90D0-F6AC926B4638}"
EndProject
Project("{FAE04EC0-301F-11D3-BF4B-00C04F79EFBC}") = "Dora.WeddingPlanner.Model", "Dora.WeddingPlanner.Model\Dora.WeddingPlanner.Model.csproj", "{B69B1933-553D-4D55-B69B-560BE88F08FA}"
EndProject
Project("{FAE04EC0-301F-11D3-BF4B-00C04F79EFBC}") = "Dora.WeddingPlanner.UserInteraction", "Dora.WeddingPlanner.UserInteraction\Dora.WeddingPlanner.UserInteraction.csproj", "{58A3AA54-A317-4939-9E33-8C04CE866893}"
EndProject
Project("{FAE04EC0-301F-11D3-BF4B-00C04F79EFBC}") = "Dora.WeddingPlanner.Data", "Dora.WeddingPlanner.Data\Dora.WeddingPlanner.Data.csproj", "{F77BBDF2-E50E-4823-9B51-8A3437239D8B}"
EndProject
Global
	GlobalSection(SolutionConfigurationPlatforms) = preSolution
		Debug|Any CPU = Debug|Any CPU
		Release|Any CPU = Release|Any CPU
	EndGlobalSection
	GlobalSection(ProjectConfigurationPlatforms) = postSolution
		{D6CC927D-B2AB-4686-BE11-05B0B137EEEA}.Debug|Any CPU.ActiveCfg = Debug|Any CPU
		{D6CC927D-B2AB-4686-BE11-05B0B137EEEA}.Debug|Any CPU.Build.0 = Debug|Any CPU
		{D6CC927D-B2AB-4686-BE11-05B0B137EEEA}.Release|Any CPU.ActiveCfg = Release|Any CPU
		{D6CC927D-B2AB-4686-BE11-05B0B137EEEA}.Release|Any CPU.Build.0 = Release|Any CPU
		{D7D36031-EC78-491F-90D0-F6AC926B4638}.Debug|Any CPU.ActiveCfg = Debug|Any CPU
		{D7D36031-EC78-491F-90D0-F6AC926B4638}.Debug|Any CPU.Build.0 = Debug|Any CPU
		{D7D36031-EC78-491F-90D0-F6AC926B4638}.Release|Any CPU.ActiveCfg = Release|Any CPU
		{D7D36031-EC78-491F-90D0-F6AC926B4638}.Release|Any CPU.Build.0 = Release|Any CPU
		{B69B1933-553D-4D55-B69B-560BE88F08FA}.Debug|Any CPU.ActiveCfg = Debug|Any CPU
		{B69B1933-553D-4D55-B69B-560BE88F08FA}.Debug|Any CPU.Build.0 = Debug|Any CPU
		{B69B1933-553D-4D55-B69B-560BE88F08FA}.Release|Any CPU.ActiveCfg = Release|Any CPU
		{B69B1933-553D-4D55-B69B-560BE88F08FA}.Release|Any CPU.Build.0 = Release|Any CPU
		{58A3AA54-A317-4939-9E33-8C04CE866893}.Debug|Any CPU.ActiveCfg = Debug|Any CPU
		{58A3AA54-A317-4939-9E33-8C04CE866893}.Debug|Any CPU.Build.0 = Debug|Any CPU
		{58A3AA54-A317-4939-9E33-8C04CE866893}.Release|Any CPU.ActiveCfg = Release|Any CPU
		{58A3AA54-A317-4939-9E33-8C04CE866893}.Release|Any CPU.Build.0 = Release|Any CPU
		{F77BBDF2-E50E-4823-9B51-8A3437239D8B}.Debug|Any CPU.ActiveCfg = Debug|Any CPU
		{F77BBDF2-E50E-4823-9B51-8A3437239D8B}.Debug|Any CPU.Build.0 = Debug|Any CPU
		{F77BBDF2-E50E-4823-9B51-8A3437239D8B}.Release|Any CPU.ActiveCfg = Release|Any CPU
		{F77BBDF2-E50E-4823-9B51-8A3437239D8B}.Release|Any CPU.Build.0 = Release|Any CPU
	EndGlobalSection
	GlobalSection(SolutionProperties) = preSolution
		HideSolutionNode = FALSE
	EndGlobalSection
EndGlobal
